
Microsoft Visual Studio Solution File, Format Version 12.00
Project("{FAE04EC0-301F-11D3-BF4B-00C04F79EFBC}") = "Domain", "Domain\Domain.csproj", "{D893AA6C-2C02-47F7-9389-2AF98DA6610A}"
EndProject
Project("{FAE04EC0-301F-11D3-BF4B-00C04F79EFBC}") = "Application", "Application\Application.csproj", "{7FCF82F9-1351-4902-AC4E-D9DBBABB2792}"
EndProject
Project("{FAE04EC0-301F-11D3-BF4B-00C04F79EFBC}") = "Infrastructure", "Infrastructure\Infrastructure.csproj", "{1889C898-65CD-4B58-B564-B1DECD3039F4}"
EndProject
Global
	GlobalSection(SolutionConfigurationPlatforms) = preSolution
		Debug|Any CPU = Debug|Any CPU
		Release|Any CPU = Release|Any CPU
	EndGlobalSection
	GlobalSection(ProjectConfigurationPlatforms) = postSolution
		{D893AA6C-2C02-47F7-9389-2AF98DA6610A}.Debug|Any CPU.ActiveCfg = Debug|Any CPU
		{D893AA6C-2C02-47F7-9389-2AF98DA6610A}.Debug|Any CPU.Build.0 = Debug|Any CPU
		{D893AA6C-2C02-47F7-9389-2AF98DA6610A}.Release|Any CPU.ActiveCfg = Release|Any CPU
		{D893AA6C-2C02-47F7-9389-2AF98DA6610A}.Release|Any CPU.Build.0 = Release|Any CPU
		{7FCF82F9-1351-4902-AC4E-D9DBBABB2792}.Debug|Any CPU.ActiveCfg = Debug|Any CPU
		{7FCF82F9-1351-4902-AC4E-D9DBBABB2792}.Debug|Any CPU.Build.0 = Debug|Any CPU
		{7FCF82F9-1351-4902-AC4E-D9DBBABB2792}.Release|Any CPU.ActiveCfg = Release|Any CPU
		{7FCF82F9-1351-4902-AC4E-D9DBBABB2792}.Release|Any CPU.Build.0 = Release|Any CPU
		{1889C898-65CD-4B58-B564-B1DECD3039F4}.Debug|Any CPU.ActiveCfg = Debug|Any CPU
		{1889C898-65CD-4B58-B564-B1DECD3039F4}.Debug|Any CPU.Build.0 = Debug|Any CPU
		{1889C898-65CD-4B58-B564-B1DECD3039F4}.Release|Any CPU.ActiveCfg = Release|Any CPU
		{1889C898-65CD-4B58-B564-B1DECD3039F4}.Release|Any CPU.Build.0 = Release|Any CPU
	EndGlobalSection
EndGlobal
